
Microsoft Visual Studio Solution File, Format Version 12.00
# Visual Studio Version 16
VisualStudioVersion = 16.0.29215.179
MinimumVisualStudioVersion = 10.0.40219.1
Project("{9A19103F-16F7-4668-BE54-9A1E7A4F7556}") = "WebApplication1", "WebApplication1\WebApplication1.csproj", "{5227C252-8EA8-4CFD-8F87-A0BD23A7A85B}"
EndProject
Project("{9A19103F-16F7-4668-BE54-9A1E7A4F7556}") = "CSharpLearn", "CSharpLearn\CSharpLearn.csproj", "{EE1FBDDB-E06D-46D6-B36F-D9DB7FF77AD0}"
EndProject
Project("{9A19103F-16F7-4668-BE54-9A1E7A4F7556}") = "CSHARP_11.21", "CSHARP_11.21\CSHARP_11.21.csproj", "{CB1DE7FF-553A-4905-8EA4-21BE1FFF6CE2}"
EndProject
Project("{9A19103F-16F7-4668-BE54-9A1E7A4F7556}") = "CSharpTest", "CSharpTest\CSharpTest.csproj", "{998C9C8E-1A74-475E-84F8-370C61A7556E}"
EndProject
Project("{FAE04EC0-301F-11D3-BF4B-00C04F79EFBC}") = "PlantTree", "PlantTree\PlantTree.csproj", "{C49F9EC1-5AD2-403A-95E5-4B12C1D9BE64}"
EndProject
Global
	GlobalSection(SolutionConfigurationPlatforms) = preSolution
		Debug|Any CPU = Debug|Any CPU
		Release|Any CPU = Release|Any CPU
	EndGlobalSection
	GlobalSection(ProjectConfigurationPlatforms) = postSolution
		{5227C252-8EA8-4CFD-8F87-A0BD23A7A85B}.Debug|Any CPU.ActiveCfg = Debug|Any CPU
		{5227C252-8EA8-4CFD-8F87-A0BD23A7A85B}.Debug|Any CPU.Build.0 = Debug|Any CPU
		{5227C252-8EA8-4CFD-8F87-A0BD23A7A85B}.Release|Any CPU.ActiveCfg = Release|Any CPU
		{5227C252-8EA8-4CFD-8F87-A0BD23A7A85B}.Release|Any CPU.Build.0 = Release|Any CPU
		{EE1FBDDB-E06D-46D6-B36F-D9DB7FF77AD0}.Debug|Any CPU.ActiveCfg = Debug|Any CPU
		{EE1FBDDB-E06D-46D6-B36F-D9DB7FF77AD0}.Debug|Any CPU.Build.0 = Debug|Any CPU
		{EE1FBDDB-E06D-46D6-B36F-D9DB7FF77AD0}.Release|Any CPU.ActiveCfg = Release|Any CPU
		{EE1FBDDB-E06D-46D6-B36F-D9DB7FF77AD0}.Release|Any CPU.Build.0 = Release|Any CPU
		{CB1DE7FF-553A-4905-8EA4-21BE1FFF6CE2}.Debug|Any CPU.ActiveCfg = Debug|Any CPU
		{CB1DE7FF-553A-4905-8EA4-21BE1FFF6CE2}.Debug|Any CPU.Build.0 = Debug|Any CPU
		{CB1DE7FF-553A-4905-8EA4-21BE1FFF6CE2}.Release|Any CPU.ActiveCfg = Release|Any CPU
		{CB1DE7FF-553A-4905-8EA4-21BE1FFF6CE2}.Release|Any CPU.Build.0 = Release|Any CPU
		{998C9C8E-1A74-475E-84F8-370C61A7556E}.Debug|Any CPU.ActiveCfg = Debug|Any CPU
		{998C9C8E-1A74-475E-84F8-370C61A7556E}.Debug|Any CPU.Build.0 = Debug|Any CPU
		{998C9C8E-1A74-475E-84F8-370C61A7556E}.Release|Any CPU.ActiveCfg = Release|Any CPU
		{998C9C8E-1A74-475E-84F8-370C61A7556E}.Release|Any CPU.Build.0 = Release|Any CPU
		{C49F9EC1-5AD2-403A-95E5-4B12C1D9BE64}.Debug|Any CPU.ActiveCfg = Debug|Any CPU
		{C49F9EC1-5AD2-403A-95E5-4B12C1D9BE64}.Debug|Any CPU.Build.0 = Debug|Any CPU
		{C49F9EC1-5AD2-403A-95E5-4B12C1D9BE64}.Release|Any CPU.ActiveCfg = Release|Any CPU
		{C49F9EC1-5AD2-403A-95E5-4B12C1D9BE64}.Release|Any CPU.Build.0 = Release|Any CPU
	EndGlobalSection
	GlobalSection(SolutionProperties) = preSolution
		HideSolutionNode = FALSE
	EndGlobalSection
	GlobalSection(ExtensibilityGlobals) = postSolution
		SolutionGuid = {F38873AD-2742-43D6-8952-7070A65B4955}
	EndGlobalSection
EndGlobal
